// !$*UTF8*$!
{
	archiveVersion = 1;
	classes = {
	};
	objectVersion = 46;
	objects = {

/* Begin PBXBuildFile section */
		3B61B3251CA1FC3F004DCE35 /* OfferTableViewCell.swift in Sources */ = {isa = PBXBuildFile; fileRef = 3B61B3241CA1FC3F004DCE35 /* OfferTableViewCell.swift */; };
		3B61B32E1CA1FD57004DCE35 /* Offer.swift in Sources */ = {isa = PBXBuildFile; fileRef = 3B61B32D1CA1FD57004DCE35 /* Offer.swift */; };
		3B61B3301CA20448004DCE35 /* OfferDetailViewController.swift in Sources */ = {isa = PBXBuildFile; fileRef = 3B61B32F1CA20448004DCE35 /* OfferDetailViewController.swift */; };
		3BC333D71C87BE29002CCC48 /* AppDelegate.swift in Sources */ = {isa = PBXBuildFile; fileRef = 3BC333D61C87BE29002CCC48 /* AppDelegate.swift */; };
		3BC333D91C87BE29002CCC48 /* ViewController.swift in Sources */ = {isa = PBXBuildFile; fileRef = 3BC333D81C87BE29002CCC48 /* ViewController.swift */; };
		3BC333DC1C87BE29002CCC48 /* Main.storyboard in Resources */ = {isa = PBXBuildFile; fileRef = 3BC333DA1C87BE29002CCC48 /* Main.storyboard */; };
		3BC333DE1C87BE29002CCC48 /* Assets.xcassets in Resources */ = {isa = PBXBuildFile; fileRef = 3BC333DD1C87BE29002CCC48 /* Assets.xcassets */; };
		3BC333E11C87BE29002CCC48 /* LaunchScreen.storyboard in Resources */ = {isa = PBXBuildFile; fileRef = 3BC333DF1C87BE29002CCC48 /* LaunchScreen.storyboard */; };
		3BC333EC1C87BE29002CCC48 /* ShopSmartAdminTests.swift in Sources */ = {isa = PBXBuildFile; fileRef = 3BC333EB1C87BE29002CCC48 /* ShopSmartAdminTests.swift */; };
		3BC333F71C87BE29002CCC48 /* ShopSmartAdminUITests.swift in Sources */ = {isa = PBXBuildFile; fileRef = 3BC333F61C87BE29002CCC48 /* ShopSmartAdminUITests.swift */; };
		3BC3340F1C8B7B37002CCC48 /* ManageSensorsViewController.swift in Sources */ = {isa = PBXBuildFile; fileRef = 3BC3340E1C8B7B37002CCC48 /* ManageSensorsViewController.swift */; };
		3BC334111C8B7B5A002CCC48 /* ManageOffersViewController.swift in Sources */ = {isa = PBXBuildFile; fileRef = 3BC334101C8B7B5A002CCC48 /* ManageOffersViewController.swift */; };
		3BC334131C8B7B88002CCC48 /* AnalyticsViewController.swift in Sources */ = {isa = PBXBuildFile; fileRef = 3BC334121C8B7B88002CCC48 /* AnalyticsViewController.swift */; };
		3BC334151C8B7BBA002CCC48 /* HomeViewController.swift in Sources */ = {isa = PBXBuildFile; fileRef = 3BC334141C8B7BBA002CCC48 /* HomeViewController.swift */; };
		B11845B21C98B58D004A84F3 /* SensorTableViewCell.swift in Sources */ = {isa = PBXBuildFile; fileRef = B11845B11C98B58D004A84F3 /* SensorTableViewCell.swift */; };
		B11845B41C98B639004A84F3 /* Sensor.swift in Sources */ = {isa = PBXBuildFile; fileRef = B11845B31C98B639004A84F3 /* Sensor.swift */; };
		B11845E41C98B8F3004A84F3 /* .gitignore in Resources */ = {isa = PBXBuildFile; fileRef = B11845B71C98B8F2004A84F3 /* .gitignore */; };
		B11845E51C98B8F3004A84F3 /* .travis.yml in Resources */ = {isa = PBXBuildFile; fileRef = B11845B81C98B8F2004A84F3 /* .travis.yml */; };
		B11845E61C98B8F3004A84F3 /* Alamofire.podspec in Resources */ = {isa = PBXBuildFile; fileRef = B11845B91C98B8F2004A84F3 /* Alamofire.podspec */; };
		B11845E71C98B8F3004A84F3 /* Alamofire.xcworkspace in Resources */ = {isa = PBXBuildFile; fileRef = B11845BD1C98B8F2004A84F3 /* Alamofire.xcworkspace */; };
		B11845E81C98B8F3004A84F3 /* CHANGELOG.md in Sources */ = {isa = PBXBuildFile; fileRef = B11845BE1C98B8F2004A84F3 /* CHANGELOG.md */; };
		B11845E91C98B8F3004A84F3 /* CONTRIBUTING.md in Sources */ = {isa = PBXBuildFile; fileRef = B11845BF1C98B8F2004A84F3 /* CONTRIBUTING.md */; };
		B11845EA1C98B8F3004A84F3 /* Alamofire 2.0 Migration Guide.md in Sources */ = {isa = PBXBuildFile; fileRef = B11845C11C98B8F2004A84F3 /* Alamofire 2.0 Migration Guide.md */; };
		B11845EB1C98B8F3004A84F3 /* Alamofire 3.0 Migration Guide.md in Sources */ = {isa = PBXBuildFile; fileRef = B11845C21C98B8F2004A84F3 /* Alamofire 3.0 Migration Guide.md */; };
		B11845EC1C98B8F3004A84F3 /* LICENSE in Resources */ = {isa = PBXBuildFile; fileRef = B11845C61C98B8F2004A84F3 /* LICENSE */; };
		B11845ED1C98B8F3004A84F3 /* README.md in Sources */ = {isa = PBXBuildFile; fileRef = B11845C71C98B8F2004A84F3 /* README.md */; };
		B11845EE1C98B8F3004A84F3 /* Alamofire.swift in Sources */ = {isa = PBXBuildFile; fileRef = B11845CA1C98B8F2004A84F3 /* Alamofire.swift */; };
		B11845EF1C98B8F3004A84F3 /* Download.swift in Sources */ = {isa = PBXBuildFile; fileRef = B11845CB1C98B8F2004A84F3 /* Download.swift */; };
		B11845F01C98B8F3004A84F3 /* Error.swift in Sources */ = {isa = PBXBuildFile; fileRef = B11845CC1C98B8F2004A84F3 /* Error.swift */; };
		B11845F11C98B8F3004A84F3 /* Info-tvOS.plist in Resources */ = {isa = PBXBuildFile; fileRef = B11845CD1C98B8F2004A84F3 /* Info-tvOS.plist */; };
		B11845F21C98B8F3004A84F3 /* Info.plist in Resources */ = {isa = PBXBuildFile; fileRef = B11845CE1C98B8F2004A84F3 /* Info.plist */; };
		B11845F31C98B8F3004A84F3 /* Manager.swift in Sources */ = {isa = PBXBuildFile; fileRef = B11845CF1C98B8F2004A84F3 /* Manager.swift */; };
		B11845F41C98B8F3004A84F3 /* MultipartFormData.swift in Sources */ = {isa = PBXBuildFile; fileRef = B11845D01C98B8F2004A84F3 /* MultipartFormData.swift */; };
		B11845F51C98B8F3004A84F3 /* NetworkReachabilityManager.swift in Sources */ = {isa = PBXBuildFile; fileRef = B11845D11C98B8F2004A84F3 /* NetworkReachabilityManager.swift */; };
		B11845F61C98B8F3004A84F3 /* Notifications.swift in Sources */ = {isa = PBXBuildFile; fileRef = B11845D21C98B8F2004A84F3 /* Notifications.swift */; };
		B11845F71C98B8F3004A84F3 /* ParameterEncoding.swift in Sources */ = {isa = PBXBuildFile; fileRef = B11845D31C98B8F2004A84F3 /* ParameterEncoding.swift */; };
		B11845F81C98B8F3004A84F3 /* Request.swift in Sources */ = {isa = PBXBuildFile; fileRef = B11845D41C98B8F2004A84F3 /* Request.swift */; };
		B11845F91C98B8F3004A84F3 /* Response.swift in Sources */ = {isa = PBXBuildFile; fileRef = B11845D51C98B8F2004A84F3 /* Response.swift */; };
		B11845FA1C98B8F3004A84F3 /* ResponseSerialization.swift in Sources */ = {isa = PBXBuildFile; fileRef = B11845D61C98B8F2004A84F3 /* ResponseSerialization.swift */; };
		B11845FB1C98B8F3004A84F3 /* Result.swift in Sources */ = {isa = PBXBuildFile; fileRef = B11845D71C98B8F2004A84F3 /* Result.swift */; };
		B11845FC1C98B8F3004A84F3 /* ServerTrustPolicy.swift in Sources */ = {isa = PBXBuildFile; fileRef = B11845D81C98B8F2004A84F3 /* ServerTrustPolicy.swift */; };
		B11845FD1C98B8F3004A84F3 /* Stream.swift in Sources */ = {isa = PBXBuildFile; fileRef = B11845D91C98B8F2004A84F3 /* Stream.swift */; };
		B11845FE1C98B8F3004A84F3 /* Timeline.swift in Sources */ = {isa = PBXBuildFile; fileRef = B11845DA1C98B8F2004A84F3 /* Timeline.swift */; };
		B11845FF1C98B8F3004A84F3 /* Upload.swift in Sources */ = {isa = PBXBuildFile; fileRef = B11845DB1C98B8F2004A84F3 /* Upload.swift */; };
		B11846001C98B8F3004A84F3 /* Validation.swift in Sources */ = {isa = PBXBuildFile; fileRef = B11845DC1C98B8F2004A84F3 /* Validation.swift */; };
		B11846181C98B917004A84F3 /* Alamofire.framework in Frameworks */ = {isa = PBXBuildFile; fileRef = B11846091C98B8F3004A84F3 /* Alamofire.framework */; };
		B118461A1C98BFA8004A84F3 /* SensorDetailViewController.swift in Sources */ = {isa = PBXBuildFile; fileRef = B11846191C98BFA8004A84F3 /* SensorDetailViewController.swift */; };
		FB5164C51CAA443700EEB34B /* SSViewController.swift in Sources */ = {isa = PBXBuildFile; fileRef = FB5164C41CAA443700EEB34B /* SSViewController.swift */; };
		FB5164C71CAA49AF00EEB34B /* SSTableViewCell.swift in Sources */ = {isa = PBXBuildFile; fileRef = FB5164C61CAA49AF00EEB34B /* SSTableViewCell.swift */; };
		FB72E85E1CA6F2440091BE62 /* FPViewController.swift in Sources */ = {isa = PBXBuildFile; fileRef = FB72E85D1CA6F2440091BE62 /* FPViewController.swift */; };
/* End PBXBuildFile section */

/* Begin PBXContainerItemProxy section */
		3BC333E81C87BE29002CCC48 /* PBXContainerItemProxy */ = {
			isa = PBXContainerItemProxy;
			containerPortal = 3BC333CB1C87BE29002CCC48 /* Project object */;
			proxyType = 1;
			remoteGlobalIDString = 3BC333D21C87BE29002CCC48;
			remoteInfo = ShopSmartAdmin;
		};
		3BC333F31C87BE29002CCC48 /* PBXContainerItemProxy */ = {
			isa = PBXContainerItemProxy;
			containerPortal = 3BC333CB1C87BE29002CCC48 /* Project object */;
			proxyType = 1;
			remoteGlobalIDString = 3BC333D21C87BE29002CCC48;
			remoteInfo = ShopSmartAdmin;
		};
		B11846081C98B8F3004A84F3 /* PBXContainerItemProxy */ = {
			isa = PBXContainerItemProxy;
			containerPortal = B11845BA1C98B8F2004A84F3 /* Alamofire.xcodeproj */;
			proxyType = 2;
			remoteGlobalIDString = F8111E3319A95C8B0040E7D1;
			remoteInfo = "Alamofire iOS";
		};
		B118460A1C98B8F3004A84F3 /* PBXContainerItemProxy */ = {
			isa = PBXContainerItemProxy;
			containerPortal = B11845BA1C98B8F2004A84F3 /* Alamofire.xcodeproj */;
			proxyType = 2;
			remoteGlobalIDString = F8111E3E19A95C8B0040E7D1;
			remoteInfo = "Alamofire iOS Tests";
		};
		B118460C1C98B8F3004A84F3 /* PBXContainerItemProxy */ = {
			isa = PBXContainerItemProxy;
			containerPortal = B11845BA1C98B8F2004A84F3 /* Alamofire.xcodeproj */;
			proxyType = 2;
			remoteGlobalIDString = 4DD67C0B1A5C55C900ED2280;
			remoteInfo = "Alamofire OSX";
		};
		B118460E1C98B8F3004A84F3 /* PBXContainerItemProxy */ = {
			isa = PBXContainerItemProxy;
			containerPortal = B11845BA1C98B8F2004A84F3 /* Alamofire.xcodeproj */;
			proxyType = 2;
			remoteGlobalIDString = F829C6B21A7A94F100A2CD59;
			remoteInfo = "Alamofire OSX Tests";
		};
		B11846101C98B8F3004A84F3 /* PBXContainerItemProxy */ = {
			isa = PBXContainerItemProxy;
			containerPortal = B11845BA1C98B8F2004A84F3 /* Alamofire.xcodeproj */;
			proxyType = 2;
			remoteGlobalIDString = 4CF626EF1BA7CB3E0011A099;
			remoteInfo = "Alamofire tvOS";
		};
		B11846121C98B8F3004A84F3 /* PBXContainerItemProxy */ = {
			isa = PBXContainerItemProxy;
			containerPortal = B11845BA1C98B8F2004A84F3 /* Alamofire.xcodeproj */;
			proxyType = 2;
			remoteGlobalIDString = 4CF626F81BA7CB3E0011A099;
			remoteInfo = "Alamofire tvOS Tests";
		};
		B11846141C98B8F3004A84F3 /* PBXContainerItemProxy */ = {
			isa = PBXContainerItemProxy;
			containerPortal = B11845BA1C98B8F2004A84F3 /* Alamofire.xcodeproj */;
			proxyType = 2;
			remoteGlobalIDString = E4202FE01B667AA100C997FB;
			remoteInfo = "Alamofire watchOS";
		};
/* End PBXContainerItemProxy section */

/* Begin PBXFileReference section */
		3B61B3241CA1FC3F004DCE35 /* OfferTableViewCell.swift */ = {isa = PBXFileReference; fileEncoding = 4; lastKnownFileType = sourcecode.swift; path = OfferTableViewCell.swift; sourceTree = "<group>"; };
		3B61B32D1CA1FD57004DCE35 /* Offer.swift */ = {isa = PBXFileReference; fileEncoding = 4; lastKnownFileType = sourcecode.swift; path = Offer.swift; sourceTree = "<group>"; };
		3B61B32F1CA20448004DCE35 /* OfferDetailViewController.swift */ = {isa = PBXFileReference; fileEncoding = 4; lastKnownFileType = sourcecode.swift; path = OfferDetailViewController.swift; sourceTree = "<group>"; };
		3BC333D31C87BE29002CCC48 /* ShopSmartAdmin.app */ = {isa = PBXFileReference; explicitFileType = wrapper.application; includeInIndex = 0; path = ShopSmartAdmin.app; sourceTree = BUILT_PRODUCTS_DIR; };
		3BC333D61C87BE29002CCC48 /* AppDelegate.swift */ = {isa = PBXFileReference; lastKnownFileType = sourcecode.swift; path = AppDelegate.swift; sourceTree = "<group>"; };
		3BC333D81C87BE29002CCC48 /* ViewController.swift */ = {isa = PBXFileReference; lastKnownFileType = sourcecode.swift; path = ViewController.swift; sourceTree = "<group>"; };
		3BC333DB1C87BE29002CCC48 /* Base */ = {isa = PBXFileReference; lastKnownFileType = file.storyboard; name = Base; path = Base.lproj/Main.storyboard; sourceTree = "<group>"; };
		3BC333DD1C87BE29002CCC48 /* Assets.xcassets */ = {isa = PBXFileReference; lastKnownFileType = folder.assetcatalog; path = Assets.xcassets; sourceTree = "<group>"; };
		3BC333E01C87BE29002CCC48 /* Base */ = {isa = PBXFileReference; lastKnownFileType = file.storyboard; name = Base; path = Base.lproj/LaunchScreen.storyboard; sourceTree = "<group>"; };
		3BC333E21C87BE29002CCC48 /* Info.plist */ = {isa = PBXFileReference; lastKnownFileType = text.plist.xml; path = Info.plist; sourceTree = "<group>"; };
		3BC333E71C87BE29002CCC48 /* ShopSmartAdminTests.xctest */ = {isa = PBXFileReference; explicitFileType = wrapper.cfbundle; includeInIndex = 0; path = ShopSmartAdminTests.xctest; sourceTree = BUILT_PRODUCTS_DIR; };
		3BC333EB1C87BE29002CCC48 /* ShopSmartAdminTests.swift */ = {isa = PBXFileReference; lastKnownFileType = sourcecode.swift; path = ShopSmartAdminTests.swift; sourceTree = "<group>"; };
		3BC333ED1C87BE29002CCC48 /* Info.plist */ = {isa = PBXFileReference; lastKnownFileType = text.plist.xml; path = Info.plist; sourceTree = "<group>"; };
		3BC333F21C87BE29002CCC48 /* ShopSmartAdminUITests.xctest */ = {isa = PBXFileReference; explicitFileType = wrapper.cfbundle; includeInIndex = 0; path = ShopSmartAdminUITests.xctest; sourceTree = BUILT_PRODUCTS_DIR; };
		3BC333F61C87BE29002CCC48 /* ShopSmartAdminUITests.swift */ = {isa = PBXFileReference; lastKnownFileType = sourcecode.swift; path = ShopSmartAdminUITests.swift; sourceTree = "<group>"; };
		3BC333F81C87BE29002CCC48 /* Info.plist */ = {isa = PBXFileReference; lastKnownFileType = text.plist.xml; path = Info.plist; sourceTree = "<group>"; };
		3BC3340E1C8B7B37002CCC48 /* ManageSensorsViewController.swift */ = {isa = PBXFileReference; fileEncoding = 4; lastKnownFileType = sourcecode.swift; path = ManageSensorsViewController.swift; sourceTree = "<group>"; };
		3BC334101C8B7B5A002CCC48 /* ManageOffersViewController.swift */ = {isa = PBXFileReference; fileEncoding = 4; lastKnownFileType = sourcecode.swift; path = ManageOffersViewController.swift; sourceTree = "<group>"; };
		3BC334121C8B7B88002CCC48 /* AnalyticsViewController.swift */ = {isa = PBXFileReference; fileEncoding = 4; lastKnownFileType = sourcecode.swift; path = AnalyticsViewController.swift; sourceTree = "<group>"; };
		3BC334141C8B7BBA002CCC48 /* HomeViewController.swift */ = {isa = PBXFileReference; fileEncoding = 4; lastKnownFileType = sourcecode.swift; path = HomeViewController.swift; sourceTree = "<group>"; };
		B11845B11C98B58D004A84F3 /* SensorTableViewCell.swift */ = {isa = PBXFileReference; fileEncoding = 4; lastKnownFileType = sourcecode.swift; path = SensorTableViewCell.swift; sourceTree = "<group>"; };
		B11845B31C98B639004A84F3 /* Sensor.swift */ = {isa = PBXFileReference; fileEncoding = 4; lastKnownFileType = sourcecode.swift; path = Sensor.swift; sourceTree = "<group>"; };
		B11845B71C98B8F2004A84F3 /* .gitignore */ = {isa = PBXFileReference; fileEncoding = 4; lastKnownFileType = text; path = .gitignore; sourceTree = "<group>"; };
		B11845B81C98B8F2004A84F3 /* .travis.yml */ = {isa = PBXFileReference; fileEncoding = 4; lastKnownFileType = text; path = .travis.yml; sourceTree = "<group>"; };
		B11845B91C98B8F2004A84F3 /* Alamofire.podspec */ = {isa = PBXFileReference; fileEncoding = 4; lastKnownFileType = text; path = Alamofire.podspec; sourceTree = "<group>"; };
		B11845BA1C98B8F2004A84F3 /* Alamofire.xcodeproj */ = {isa = PBXFileReference; lastKnownFileType = "wrapper.pb-project"; path = Alamofire.xcodeproj; sourceTree = "<group>"; };
		B11845BD1C98B8F2004A84F3 /* Alamofire.xcworkspace */ = {isa = PBXFileReference; lastKnownFileType = wrapper.workspace; path = Alamofire.xcworkspace; sourceTree = "<group>"; };
		B11845BE1C98B8F2004A84F3 /* CHANGELOG.md */ = {isa = PBXFileReference; fileEncoding = 4; lastKnownFileType = net.daringfireball.markdown; path = CHANGELOG.md; sourceTree = "<group>"; };
		B11845BF1C98B8F2004A84F3 /* CONTRIBUTING.md */ = {isa = PBXFileReference; fileEncoding = 4; lastKnownFileType = net.daringfireball.markdown; path = CONTRIBUTING.md; sourceTree = "<group>"; };
		B11845C11C98B8F2004A84F3 /* Alamofire 2.0 Migration Guide.md */ = {isa = PBXFileReference; fileEncoding = 4; lastKnownFileType = net.daringfireball.markdown; path = "Alamofire 2.0 Migration Guide.md"; sourceTree = "<group>"; };
		B11845C21C98B8F2004A84F3 /* Alamofire 3.0 Migration Guide.md */ = {isa = PBXFileReference; fileEncoding = 4; lastKnownFileType = net.daringfireball.markdown; path = "Alamofire 3.0 Migration Guide.md"; sourceTree = "<group>"; };
		B11845C61C98B8F2004A84F3 /* LICENSE */ = {isa = PBXFileReference; fileEncoding = 4; lastKnownFileType = text; path = LICENSE; sourceTree = "<group>"; };
		B11845C71C98B8F2004A84F3 /* README.md */ = {isa = PBXFileReference; fileEncoding = 4; lastKnownFileType = net.daringfireball.markdown; path = README.md; sourceTree = "<group>"; };
		B11845C91C98B8F2004A84F3 /* Alamofire.h */ = {isa = PBXFileReference; fileEncoding = 4; lastKnownFileType = sourcecode.c.h; path = Alamofire.h; sourceTree = "<group>"; };
		B11845CA1C98B8F2004A84F3 /* Alamofire.swift */ = {isa = PBXFileReference; fileEncoding = 4; lastKnownFileType = sourcecode.swift; path = Alamofire.swift; sourceTree = "<group>"; };
		B11845CB1C98B8F2004A84F3 /* Download.swift */ = {isa = PBXFileReference; fileEncoding = 4; lastKnownFileType = sourcecode.swift; path = Download.swift; sourceTree = "<group>"; };
		B11845CC1C98B8F2004A84F3 /* Error.swift */ = {isa = PBXFileReference; fileEncoding = 4; lastKnownFileType = sourcecode.swift; path = Error.swift; sourceTree = "<group>"; };
		B11845CD1C98B8F2004A84F3 /* Info-tvOS.plist */ = {isa = PBXFileReference; fileEncoding = 4; lastKnownFileType = text.plist.xml; path = "Info-tvOS.plist"; sourceTree = "<group>"; };
		B11845CE1C98B8F2004A84F3 /* Info.plist */ = {isa = PBXFileReference; fileEncoding = 4; lastKnownFileType = text.plist.xml; path = Info.plist; sourceTree = "<group>"; };
		B11845CF1C98B8F2004A84F3 /* Manager.swift */ = {isa = PBXFileReference; fileEncoding = 4; lastKnownFileType = sourcecode.swift; path = Manager.swift; sourceTree = "<group>"; };
		B11845D01C98B8F2004A84F3 /* MultipartFormData.swift */ = {isa = PBXFileReference; fileEncoding = 4; lastKnownFileType = sourcecode.swift; path = MultipartFormData.swift; sourceTree = "<group>"; };
		B11845D11C98B8F2004A84F3 /* NetworkReachabilityManager.swift */ = {isa = PBXFileReference; fileEncoding = 4; lastKnownFileType = sourcecode.swift; path = NetworkReachabilityManager.swift; sourceTree = "<group>"; };
		B11845D21C98B8F2004A84F3 /* Notifications.swift */ = {isa = PBXFileReference; fileEncoding = 4; lastKnownFileType = sourcecode.swift; path = Notifications.swift; sourceTree = "<group>"; };
		B11845D31C98B8F2004A84F3 /* ParameterEncoding.swift */ = {isa = PBXFileReference; fileEncoding = 4; lastKnownFileType = sourcecode.swift; path = ParameterEncoding.swift; sourceTree = "<group>"; };
		B11845D41C98B8F2004A84F3 /* Request.swift */ = {isa = PBXFileReference; fileEncoding = 4; lastKnownFileType = sourcecode.swift; path = Request.swift; sourceTree = "<group>"; };
		B11845D51C98B8F2004A84F3 /* Response.swift */ = {isa = PBXFileReference; fileEncoding = 4; lastKnownFileType = sourcecode.swift; path = Response.swift; sourceTree = "<group>"; };
		B11845D61C98B8F2004A84F3 /* ResponseSerialization.swift */ = {isa = PBXFileReference; fileEncoding = 4; lastKnownFileType = sourcecode.swift; path = ResponseSerialization.swift; sourceTree = "<group>"; };
		B11845D71C98B8F2004A84F3 /* Result.swift */ = {isa = PBXFileReference; fileEncoding = 4; lastKnownFileType = sourcecode.swift; path = Result.swift; sourceTree = "<group>"; };
		B11845D81C98B8F2004A84F3 /* ServerTrustPolicy.swift */ = {isa = PBXFileReference; fileEncoding = 4; lastKnownFileType = sourcecode.swift; path = ServerTrustPolicy.swift; sourceTree = "<group>"; };
		B11845D91C98B8F2004A84F3 /* Stream.swift */ = {isa = PBXFileReference; fileEncoding = 4; lastKnownFileType = sourcecode.swift; path = Stream.swift; sourceTree = "<group>"; };
		B11845DA1C98B8F2004A84F3 /* Timeline.swift */ = {isa = PBXFileReference; fileEncoding = 4; lastKnownFileType = sourcecode.swift; path = Timeline.swift; sourceTree = "<group>"; };
		B11845DB1C98B8F2004A84F3 /* Upload.swift */ = {isa = PBXFileReference; fileEncoding = 4; lastKnownFileType = sourcecode.swift; path = Upload.swift; sourceTree = "<group>"; };
		B11845DC1C98B8F2004A84F3 /* Validation.swift */ = {isa = PBXFileReference; fileEncoding = 4; lastKnownFileType = sourcecode.swift; path = Validation.swift; sourceTree = "<group>"; };
		B11846191C98BFA8004A84F3 /* SensorDetailViewController.swift */ = {isa = PBXFileReference; fileEncoding = 4; lastKnownFileType = sourcecode.swift; path = SensorDetailViewController.swift; sourceTree = "<group>"; };
		FB5164C41CAA443700EEB34B /* SSViewController.swift */ = {isa = PBXFileReference; fileEncoding = 4; lastKnownFileType = sourcecode.swift; name = SSViewController.swift; path = ../SSViewController.swift; sourceTree = "<group>"; };
		FB5164C61CAA49AF00EEB34B /* SSTableViewCell.swift */ = {isa = PBXFileReference; fileEncoding = 4; lastKnownFileType = sourcecode.swift; path = SSTableViewCell.swift; sourceTree = "<group>"; };
		FB72E85D1CA6F2440091BE62 /* FPViewController.swift */ = {isa = PBXFileReference; fileEncoding = 4; lastKnownFileType = sourcecode.swift; path = FPViewController.swift; sourceTree = "<group>"; };
/* End PBXFileReference section */

/* Begin PBXFrameworksBuildPhase section */
		3BC333D01C87BE29002CCC48 /* Frameworks */ = {
			isa = PBXFrameworksBuildPhase;
			buildActionMask = 2147483647;
			files = (
				B11846181C98B917004A84F3 /* Alamofire.framework in Frameworks */,
			);
			runOnlyForDeploymentPostprocessing = 0;
		};
		3BC333E41C87BE29002CCC48 /* Frameworks */ = {
			isa = PBXFrameworksBuildPhase;
			buildActionMask = 2147483647;
			files = (
			);
			runOnlyForDeploymentPostprocessing = 0;
		};
		3BC333EF1C87BE29002CCC48 /* Frameworks */ = {
			isa = PBXFrameworksBuildPhase;
			buildActionMask = 2147483647;
			files = (
			);
			runOnlyForDeploymentPostprocessing = 0;
		};
/* End PBXFrameworksBuildPhase section */

/* Begin PBXGroup section */
		3BC333CA1C87BE29002CCC48 = {
			isa = PBXGroup;
			children = (
				3BC333D51C87BE29002CCC48 /* ShopSmartAdmin */,
				3BC333EA1C87BE29002CCC48 /* ShopSmartAdminTests */,
				3BC333F51C87BE29002CCC48 /* ShopSmartAdminUITests */,
				3BC333D41C87BE29002CCC48 /* Products */,
			);
			sourceTree = "<group>";
		};
		3BC333D41C87BE29002CCC48 /* Products */ = {
			isa = PBXGroup;
			children = (
				3BC333D31C87BE29002CCC48 /* ShopSmartAdmin.app */,
				3BC333E71C87BE29002CCC48 /* ShopSmartAdminTests.xctest */,
				3BC333F21C87BE29002CCC48 /* ShopSmartAdminUITests.xctest */,
			);
			name = Products;
			sourceTree = "<group>";
		};
		3BC333D51C87BE29002CCC48 /* ShopSmartAdmin */ = {
			isa = PBXGroup;
			children = (
				B11845B51C98B63F004A84F3 /* Models */,
				3BC333D61C87BE29002CCC48 /* AppDelegate.swift */,
				3BC333D81C87BE29002CCC48 /* ViewController.swift */,
				B11845B61C98B8F2004A84F3 /* Alamofire-master */,
				3BC334141C8B7BBA002CCC48 /* HomeViewController.swift */,
				3BC3340E1C8B7B37002CCC48 /* ManageSensorsViewController.swift */,
				3BC334101C8B7B5A002CCC48 /* ManageOffersViewController.swift */,
				3BC334121C8B7B88002CCC48 /* AnalyticsViewController.swift */,
				FB72E85D1CA6F2440091BE62 /* FPViewController.swift */,
				FB5164C41CAA443700EEB34B /* SSViewController.swift */,
				3BC333DA1C87BE29002CCC48 /* Main.storyboard */,
				3BC333DD1C87BE29002CCC48 /* Assets.xcassets */,
				3BC333DF1C87BE29002CCC48 /* LaunchScreen.storyboard */,
				3BC333E21C87BE29002CCC48 /* Info.plist */,
				B11845B11C98B58D004A84F3 /* SensorTableViewCell.swift */,
				B11846191C98BFA8004A84F3 /* SensorDetailViewController.swift */,
				3B61B3241CA1FC3F004DCE35 /* OfferTableViewCell.swift */,
				3B61B32F1CA20448004DCE35 /* OfferDetailViewController.swift */,
				FB5164C61CAA49AF00EEB34B /* SSTableViewCell.swift */,
			);
			path = ShopSmartAdmin;
			sourceTree = "<group>";
		};
		3BC333EA1C87BE29002CCC48 /* ShopSmartAdminTests */ = {
			isa = PBXGroup;
			children = (
				3BC333EB1C87BE29002CCC48 /* ShopSmartAdminTests.swift */,
				3BC333ED1C87BE29002CCC48 /* Info.plist */,
			);
			path = ShopSmartAdminTests;
			sourceTree = "<group>";
		};
		3BC333F51C87BE29002CCC48 /* ShopSmartAdminUITests */ = {
			isa = PBXGroup;
			children = (
				3BC333F61C87BE29002CCC48 /* ShopSmartAdminUITests.swift */,
				3BC333F81C87BE29002CCC48 /* Info.plist */,
			);
			path = ShopSmartAdminUITests;
			sourceTree = "<group>";
		};
		B11845B51C98B63F004A84F3 /* Models */ = {
			isa = PBXGroup;
			children = (
				B11845B31C98B639004A84F3 /* Sensor.swift */,
				3B61B32D1CA1FD57004DCE35 /* Offer.swift */,
			);
			name = Models;
			sourceTree = "<group>";
		};
		B11845B61C98B8F2004A84F3 /* Alamofire-master */ = {
			isa = PBXGroup;
			children = (
				B11845B71C98B8F2004A84F3 /* .gitignore */,
				B11845B81C98B8F2004A84F3 /* .travis.yml */,
				B11845B91C98B8F2004A84F3 /* Alamofire.podspec */,
				B11845BA1C98B8F2004A84F3 /* Alamofire.xcodeproj */,
				B11845BD1C98B8F2004A84F3 /* Alamofire.xcworkspace */,
				B11845BE1C98B8F2004A84F3 /* CHANGELOG.md */,
				B11845BF1C98B8F2004A84F3 /* CONTRIBUTING.md */,
				B11845C01C98B8F2004A84F3 /* Documentation */,
				B11845C31C98B8F2004A84F3 /* Example */,
				B11845C61C98B8F2004A84F3 /* LICENSE */,
				B11845C71C98B8F2004A84F3 /* README.md */,
				B11845C81C98B8F2004A84F3 /* Source */,
				B11845DD1C98B8F2004A84F3 /* Tests */,
			);
			path = "Alamofire-master";
			sourceTree = "<group>";
		};
		B11845BB1C98B8F2004A84F3 /* Products */ = {
			isa = PBXGroup;
			children = (
				B11846091C98B8F3004A84F3 /* Alamofire.framework */,
				B118460B1C98B8F3004A84F3 /* Alamofire iOS Tests.xctest */,
				B118460D1C98B8F3004A84F3 /* Alamofire.framework */,
				B118460F1C98B8F3004A84F3 /* Alamofire OSX Tests.xctest */,
				B11846111C98B8F3004A84F3 /* Alamofire.framework */,
				B11846131C98B8F3004A84F3 /* Alamofire tvOS Tests.xctest */,
				B11846151C98B8F3004A84F3 /* Alamofire.framework */,
			);
			name = Products;
			sourceTree = "<group>";
		};
		B11845C01C98B8F2004A84F3 /* Documentation */ = {
			isa = PBXGroup;
			children = (
				B11845C11C98B8F2004A84F3 /* Alamofire 2.0 Migration Guide.md */,
				B11845C21C98B8F2004A84F3 /* Alamofire 3.0 Migration Guide.md */,
			);
			path = Documentation;
			sourceTree = "<group>";
		};
		B11845C31C98B8F2004A84F3 /* Example */ = {
			isa = PBXGroup;
			children = (
				B11845C41C98B8F2004A84F3 /* Resources */,
				B11845C51C98B8F2004A84F3 /* Source */,
			);
			path = Example;
			sourceTree = "<group>";
		};
		B11845C41C98B8F2004A84F3 /* Resources */ = {
			isa = PBXGroup;
			children = (
			);
			path = Resources;
			sourceTree = "<group>";
		};
		B11845C51C98B8F2004A84F3 /* Source */ = {
			isa = PBXGroup;
			children = (
			);
			path = Source;
			sourceTree = "<group>";
		};
		B11845C81C98B8F2004A84F3 /* Source */ = {
			isa = PBXGroup;
			children = (
				B11845C91C98B8F2004A84F3 /* Alamofire.h */,
				B11845CA1C98B8F2004A84F3 /* Alamofire.swift */,
				B11845CB1C98B8F2004A84F3 /* Download.swift */,
				B11845CC1C98B8F2004A84F3 /* Error.swift */,
				B11845CD1C98B8F2004A84F3 /* Info-tvOS.plist */,
				B11845CE1C98B8F2004A84F3 /* Info.plist */,
				B11845CF1C98B8F2004A84F3 /* Manager.swift */,
				B11845D01C98B8F2004A84F3 /* MultipartFormData.swift */,
				B11845D11C98B8F2004A84F3 /* NetworkReachabilityManager.swift */,
				B11845D21C98B8F2004A84F3 /* Notifications.swift */,
				B11845D31C98B8F2004A84F3 /* ParameterEncoding.swift */,
				B11845D41C98B8F2004A84F3 /* Request.swift */,
				B11845D51C98B8F2004A84F3 /* Response.swift */,
				B11845D61C98B8F2004A84F3 /* ResponseSerialization.swift */,
				B11845D71C98B8F2004A84F3 /* Result.swift */,
				B11845D81C98B8F2004A84F3 /* ServerTrustPolicy.swift */,
				B11845D91C98B8F2004A84F3 /* Stream.swift */,
				B11845DA1C98B8F2004A84F3 /* Timeline.swift */,
				B11845DB1C98B8F2004A84F3 /* Upload.swift */,
				B11845DC1C98B8F2004A84F3 /* Validation.swift */,
			);
			path = Source;
			sourceTree = "<group>";
		};
		B11845DD1C98B8F2004A84F3 /* Tests */ = {
			isa = PBXGroup;
			children = (
				B11845DE1C98B8F3004A84F3 /* Resources */,
			);
			path = Tests;
			sourceTree = "<group>";
		};
		B11845DE1C98B8F3004A84F3 /* Resources */ = {
			isa = PBXGroup;
			children = (
				B11845DF1C98B8F3004A84F3 /* Certificates */,
				B11845E31C98B8F3004A84F3 /* Images */,
			);
			path = Resources;
			sourceTree = "<group>";
		};
		B11845DF1C98B8F3004A84F3 /* Certificates */ = {
			isa = PBXGroup;
			children = (
				B11845E01C98B8F3004A84F3 /* alamofire.org */,
				B11845E11C98B8F3004A84F3 /* disig.sk */,
				B11845E21C98B8F3004A84F3 /* selfSignedAndMalformedCerts */,
			);
			path = Certificates;
			sourceTree = "<group>";
		};
		B11845E01C98B8F3004A84F3 /* alamofire.org */ = {
			isa = PBXGroup;
			children = (
			);
			path = alamofire.org;
			sourceTree = "<group>";
		};
		B11845E11C98B8F3004A84F3 /* disig.sk */ = {
			isa = PBXGroup;
			children = (
			);
			path = disig.sk;
			sourceTree = "<group>";
		};
		B11845E21C98B8F3004A84F3 /* selfSignedAndMalformedCerts */ = {
			isa = PBXGroup;
			children = (
			);
			path = selfSignedAndMalformedCerts;
			sourceTree = "<group>";
		};
		B11845E31C98B8F3004A84F3 /* Images */ = {
			isa = PBXGroup;
			children = (
			);
			path = Images;
			sourceTree = "<group>";
		};
/* End PBXGroup section */

/* Begin PBXNativeTarget section */
		3BC333D21C87BE29002CCC48 /* ShopSmartAdmin */ = {
			isa = PBXNativeTarget;
			buildConfigurationList = 3BC333FB1C87BE29002CCC48 /* Build configuration list for PBXNativeTarget "ShopSmartAdmin" */;
			buildPhases = (
				3BC333CF1C87BE29002CCC48 /* Sources */,
				3BC333D01C87BE29002CCC48 /* Frameworks */,
				3BC333D11C87BE29002CCC48 /* Resources */,
			);
			buildRules = (
			);
			dependencies = (
			);
			name = ShopSmartAdmin;
			productName = ShopSmartAdmin;
			productReference = 3BC333D31C87BE29002CCC48 /* ShopSmartAdmin.app */;
			productType = "com.apple.product-type.application";
		};
		3BC333E61C87BE29002CCC48 /* ShopSmartAdminTests */ = {
			isa = PBXNativeTarget;
			buildConfigurationList = 3BC333FE1C87BE29002CCC48 /* Build configuration list for PBXNativeTarget "ShopSmartAdminTests" */;
			buildPhases = (
				3BC333E31C87BE29002CCC48 /* Sources */,
				3BC333E41C87BE29002CCC48 /* Frameworks */,
				3BC333E51C87BE29002CCC48 /* Resources */,
			);
			buildRules = (
			);
			dependencies = (
				3BC333E91C87BE29002CCC48 /* PBXTargetDependency */,
			);
			name = ShopSmartAdminTests;
			productName = ShopSmartAdminTests;
			productReference = 3BC333E71C87BE29002CCC48 /* ShopSmartAdminTests.xctest */;
			productType = "com.apple.product-type.bundle.unit-test";
		};
		3BC333F11C87BE29002CCC48 /* ShopSmartAdminUITests */ = {
			isa = PBXNativeTarget;
			buildConfigurationList = 3BC334011C87BE29002CCC48 /* Build configuration list for PBXNativeTarget "ShopSmartAdminUITests" */;
			buildPhases = (
				3BC333EE1C87BE29002CCC48 /* Sources */,
				3BC333EF1C87BE29002CCC48 /* Frameworks */,
				3BC333F01C87BE29002CCC48 /* Resources */,
			);
			buildRules = (
			);
			dependencies = (
				3BC333F41C87BE29002CCC48 /* PBXTargetDependency */,
			);
			name = ShopSmartAdminUITests;
			productName = ShopSmartAdminUITests;
			productReference = 3BC333F21C87BE29002CCC48 /* ShopSmartAdminUITests.xctest */;
			productType = "com.apple.product-type.bundle.ui-testing";
		};
/* End PBXNativeTarget section */

/* Begin PBXProject section */
		3BC333CB1C87BE29002CCC48 /* Project object */ = {
			isa = PBXProject;
			attributes = {
				LastSwiftUpdateCheck = 0720;
				LastUpgradeCheck = 0720;
				ORGANIZATIONNAME = Group5;
				TargetAttributes = {
					3BC333D21C87BE29002CCC48 = {
						CreatedOnToolsVersion = 7.2.1;
					};
					3BC333E61C87BE29002CCC48 = {
						CreatedOnToolsVersion = 7.2.1;
						TestTargetID = 3BC333D21C87BE29002CCC48;
					};
					3BC333F11C87BE29002CCC48 = {
						CreatedOnToolsVersion = 7.2.1;
						TestTargetID = 3BC333D21C87BE29002CCC48;
					};
				};
			};
			buildConfigurationList = 3BC333CE1C87BE29002CCC48 /* Build configuration list for PBXProject "ShopSmartAdmin" */;
			compatibilityVersion = "Xcode 3.2";
			developmentRegion = English;
			hasScannedForEncodings = 0;
			knownRegions = (
				en,
				Base,
			);
			mainGroup = 3BC333CA1C87BE29002CCC48;
			productRefGroup = 3BC333D41C87BE29002CCC48 /* Products */;
			projectDirPath = "";
			projectReferences = (
				{
					ProductGroup = B11845BB1C98B8F2004A84F3 /* Products */;
					ProjectRef = B11845BA1C98B8F2004A84F3 /* Alamofire.xcodeproj */;
				},
			);
			projectRoot = "";
			targets = (
				3BC333D21C87BE29002CCC48 /* ShopSmartAdmin */,
				3BC333E61C87BE29002CCC48 /* ShopSmartAdminTests */,
				3BC333F11C87BE29002CCC48 /* ShopSmartAdminUITests */,
			);
		};
/* End PBXProject section */

/* Begin PBXReferenceProxy section */
		B11846091C98B8F3004A84F3 /* Alamofire.framework */ = {
			isa = PBXReferenceProxy;
			fileType = wrapper.framework;
			path = Alamofire.framework;
			remoteRef = B11846081C98B8F3004A84F3 /* PBXContainerItemProxy */;
			sourceTree = BUILT_PRODUCTS_DIR;
		};
		B118460B1C98B8F3004A84F3 /* Alamofire iOS Tests.xctest */ = {
			isa = PBXReferenceProxy;
			fileType = wrapper.cfbundle;
			path = "Alamofire iOS Tests.xctest";
			remoteRef = B118460A1C98B8F3004A84F3 /* PBXContainerItemProxy */;
			sourceTree = BUILT_PRODUCTS_DIR;
		};
		B118460D1C98B8F3004A84F3 /* Alamofire.framework */ = {
			isa = PBXReferenceProxy;
			fileType = wrapper.framework;
			path = Alamofire.framework;
			remoteRef = B118460C1C98B8F3004A84F3 /* PBXContainerItemProxy */;
			sourceTree = BUILT_PRODUCTS_DIR;
		};
		B118460F1C98B8F3004A84F3 /* Alamofire OSX Tests.xctest */ = {
			isa = PBXReferenceProxy;
			fileType = wrapper.cfbundle;
			path = "Alamofire OSX Tests.xctest";
			remoteRef = B118460E1C98B8F3004A84F3 /* PBXContainerItemProxy */;
			sourceTree = BUILT_PRODUCTS_DIR;
		};
		B11846111C98B8F3004A84F3 /* Alamofire.framework */ = {
			isa = PBXReferenceProxy;
			fileType = wrapper.framework;
			path = Alamofire.framework;
			remoteRef = B11846101C98B8F3004A84F3 /* PBXContainerItemProxy */;
			sourceTree = BUILT_PRODUCTS_DIR;
		};
		B11846131C98B8F3004A84F3 /* Alamofire tvOS Tests.xctest */ = {
			isa = PBXReferenceProxy;
			fileType = wrapper.cfbundle;
			path = "Alamofire tvOS Tests.xctest";
			remoteRef = B11846121C98B8F3004A84F3 /* PBXContainerItemProxy */;
			sourceTree = BUILT_PRODUCTS_DIR;
		};
		B11846151C98B8F3004A84F3 /* Alamofire.framework */ = {
			isa = PBXReferenceProxy;
			fileType = wrapper.framework;
			path = Alamofire.framework;
			remoteRef = B11846141C98B8F3004A84F3 /* PBXContainerItemProxy */;
			sourceTree = BUILT_PRODUCTS_DIR;
		};
/* End PBXReferenceProxy section */

/* Begin PBXResourcesBuildPhase section */
		3BC333D11C87BE29002CCC48 /* Resources */ = {
			isa = PBXResourcesBuildPhase;
			buildActionMask = 2147483647;
			files = (
				B11845F11C98B8F3004A84F3 /* Info-tvOS.plist in Resources */,
				B11845E51C98B8F3004A84F3 /* .travis.yml in Resources */,
				B11845E41C98B8F3004A84F3 /* .gitignore in Resources */,
				B11845EC1C98B8F3004A84F3 /* LICENSE in Resources */,
				3BC333E11C87BE29002CCC48 /* LaunchScreen.storyboard in Resources */,
				B11845E61C98B8F3004A84F3 /* Alamofire.podspec in Resources */,
				B11845E71C98B8F3004A84F3 /* Alamofire.xcworkspace in Resources */,
				3BC333DE1C87BE29002CCC48 /* Assets.xcassets in Resources */,
				B11845F21C98B8F3004A84F3 /* Info.plist in Resources */,
				3BC333DC1C87BE29002CCC48 /* Main.storyboard in Resources */,
			);
			runOnlyForDeploymentPostprocessing = 0;
		};
		3BC333E51C87BE29002CCC48 /* Resources */ = {
			isa = PBXResourcesBuildPhase;
			buildActionMask = 2147483647;
			files = (
			);
			runOnlyForDeploymentPostprocessing = 0;
		};
		3BC333F01C87BE29002CCC48 /* Resources */ = {
			isa = PBXResourcesBuildPhase;
			buildActionMask = 2147483647;
			files = (
			);
			runOnlyForDeploymentPostprocessing = 0;
		};
/* End PBXResourcesBuildPhase section */

/* Begin PBXSourcesBuildPhase section */
		3BC333CF1C87BE29002CCC48 /* Sources */ = {
			isa = PBXSourcesBuildPhase;
			buildActionMask = 2147483647;
			files = (
				B11845F71C98B8F3004A84F3 /* ParameterEncoding.swift in Sources */,
				B11845F61C98B8F3004A84F3 /* Notifications.swift in Sources */,
				B11845F01C98B8F3004A84F3 /* Error.swift in Sources */,
				3BC334111C8B7B5A002CCC48 /* ManageOffersViewController.swift in Sources */,
				B118461A1C98BFA8004A84F3 /* SensorDetailViewController.swift in Sources */,
				B11845B41C98B639004A84F3 /* Sensor.swift in Sources */,
				B11845FC1C98B8F3004A84F3 /* ServerTrustPolicy.swift in Sources */,
				B11845E91C98B8F3004A84F3 /* CONTRIBUTING.md in Sources */,
				3B61B3251CA1FC3F004DCE35 /* OfferTableViewCell.swift in Sources */,
				B11845FB1C98B8F3004A84F3 /* Result.swift in Sources */,
				B11845FE1C98B8F3004A84F3 /* Timeline.swift in Sources */,
				FB72E85E1CA6F2440091BE62 /* FPViewController.swift in Sources */,
				3BC3340F1C8B7B37002CCC48 /* ManageSensorsViewController.swift in Sources */,
				B11845ED1C98B8F3004A84F3 /* README.md in Sources */,
				B11845F41C98B8F3004A84F3 /* MultipartFormData.swift in Sources */,
				B11845EB1C98B8F3004A84F3 /* Alamofire 3.0 Migration Guide.md in Sources */,
				B11845EE1C98B8F3004A84F3 /* Alamofire.swift in Sources */,
				3BC334131C8B7B88002CCC48 /* AnalyticsViewController.swift in Sources */,
				3BC333D91C87BE29002CCC48 /* ViewController.swift in Sources */,
				3B61B32E1CA1FD57004DCE35 /* Offer.swift in Sources */,
				B11845EF1C98B8F3004A84F3 /* Download.swift in Sources */,
				B11845FF1C98B8F3004A84F3 /* Upload.swift in Sources */,
				B11845FD1C98B8F3004A84F3 /* Stream.swift in Sources */,
				B11845EA1C98B8F3004A84F3 /* Alamofire 2.0 Migration Guide.md in Sources */,
				B11845F81C98B8F3004A84F3 /* Request.swift in Sources */,
				3BC333D71C87BE29002CCC48 /* AppDelegate.swift in Sources */,
				B11845B21C98B58D004A84F3 /* SensorTableViewCell.swift in Sources */,
				B11845E81C98B8F3004A84F3 /* CHANGELOG.md in Sources */,
				FB5164C71CAA49AF00EEB34B /* SSTableViewCell.swift in Sources */,
				B11845FA1C98B8F3004A84F3 /* ResponseSerialization.swift in Sources */,
				3BC334151C8B7BBA002CCC48 /* HomeViewController.swift in Sources */,
				B11845F91C98B8F3004A84F3 /* Response.swift in Sources */,
				B11845F51C98B8F3004A84F3 /* NetworkReachabilityManager.swift in Sources */,
				B11846001C98B8F3004A84F3 /* Validation.swift in Sources */,
				3B61B3301CA20448004DCE35 /* OfferDetailViewController.swift in Sources */,
				FB5164C51CAA443700EEB34B /* SSViewController.swift in Sources */,
				B11845F31C98B8F3004A84F3 /* Manager.swift in Sources */,
			);
			runOnlyForDeploymentPostprocessing = 0;
		};
		3BC333E31C87BE29002CCC48 /* Sources */ = {
			isa = PBXSourcesBuildPhase;
			buildActionMask = 2147483647;
			files = (
				3BC333EC1C87BE29002CCC48 /* ShopSmartAdminTests.swift in Sources */,
			);
			runOnlyForDeploymentPostprocessing = 0;
		};
		3BC333EE1C87BE29002CCC48 /* Sources */ = {
			isa = PBXSourcesBuildPhase;
			buildActionMask = 2147483647;
			files = (
				3BC333F71C87BE29002CCC48 /* ShopSmartAdminUITests.swift in Sources */,
			);
			runOnlyForDeploymentPostprocessing = 0;
		};
/* End PBXSourcesBuildPhase section */

/* Begin PBXTargetDependency section */
		3BC333E91C87BE29002CCC48 /* PBXTargetDependency */ = {
			isa = PBXTargetDependency;
			target = 3BC333D21C87BE29002CCC48 /* ShopSmartAdmin */;
			targetProxy = 3BC333E81C87BE29002CCC48 /* PBXContainerItemProxy */;
		};
		3BC333F41C87BE29002CCC48 /* PBXTargetDependency */ = {
			isa = PBXTargetDependency;
			target = 3BC333D21C87BE29002CCC48 /* ShopSmartAdmin */;
			targetProxy = 3BC333F31C87BE29002CCC48 /* PBXContainerItemProxy */;
		};
/* End PBXTargetDependency section */

/* Begin PBXVariantGroup section */
		3BC333DA1C87BE29002CCC48 /* Main.storyboard */ = {
			isa = PBXVariantGroup;
			children = (
				3BC333DB1C87BE29002CCC48 /* Base */,
			);
			name = Main.storyboard;
			sourceTree = "<group>";
		};
		3BC333DF1C87BE29002CCC48 /* LaunchScreen.storyboard */ = {
			isa = PBXVariantGroup;
			children = (
				3BC333E01C87BE29002CCC48 /* Base */,
			);
			name = LaunchScreen.storyboard;
			sourceTree = "<group>";
		};
/* End PBXVariantGroup section */

/* Begin XCBuildConfiguration section */
		3BC333F91C87BE29002CCC48 /* Debug */ = {
			isa = XCBuildConfiguration;
			buildSettings = {
				ALWAYS_SEARCH_USER_PATHS = NO;
				CLANG_CXX_LANGUAGE_STANDARD = "gnu++0x";
				CLANG_CXX_LIBRARY = "libc++";
				CLANG_ENABLE_MODULES = YES;
				CLANG_ENABLE_OBJC_ARC = YES;
				CLANG_WARN_BOOL_CONVERSION = YES;
				CLANG_WARN_CONSTANT_CONVERSION = YES;
				CLANG_WARN_DIRECT_OBJC_ISA_USAGE = YES_ERROR;
				CLANG_WARN_EMPTY_BODY = YES;
				CLANG_WARN_ENUM_CONVERSION = YES;
				CLANG_WARN_INT_CONVERSION = YES;
				CLANG_WARN_OBJC_ROOT_CLASS = YES_ERROR;
				CLANG_WARN_UNREACHABLE_CODE = YES;
				CLANG_WARN__DUPLICATE_METHOD_MATCH = YES;
				"CODE_SIGN_IDENTITY[sdk=iphoneos*]" = "iPhone Developer";
				COPY_PHASE_STRIP = NO;
				DEBUG_INFORMATION_FORMAT = dwarf;
				ENABLE_STRICT_OBJC_MSGSEND = YES;
				ENABLE_TESTABILITY = YES;
				GCC_C_LANGUAGE_STANDARD = gnu99;
				GCC_DYNAMIC_NO_PIC = NO;
				GCC_NO_COMMON_BLOCKS = YES;
				GCC_OPTIMIZATION_LEVEL = 0;
				GCC_PREPROCESSOR_DEFINITIONS = (
					"DEBUG=1",
					"$(inherited)",
				);
				GCC_WARN_64_TO_32_BIT_CONVERSION = YES;
				GCC_WARN_ABOUT_RETURN_TYPE = YES_ERROR;
				GCC_WARN_UNDECLARED_SELECTOR = YES;
				GCC_WARN_UNINITIALIZED_AUTOS = YES_AGGRESSIVE;
				GCC_WARN_UNUSED_FUNCTION = YES;
				GCC_WARN_UNUSED_VARIABLE = YES;
				IPHONEOS_DEPLOYMENT_TARGET = 9.2;
				MTL_ENABLE_DEBUG_INFO = YES;
				ONLY_ACTIVE_ARCH = YES;
				SDKROOT = iphoneos;
				SWIFT_OPTIMIZATION_LEVEL = "-Onone";
			};
			name = Debug;
		};
		3BC333FA1C87BE29002CCC48 /* Release */ = {
			isa = XCBuildConfiguration;
			buildSettings = {
				ALWAYS_SEARCH_USER_PATHS = NO;
				CLANG_CXX_LANGUAGE_STANDARD = "gnu++0x";
				CLANG_CXX_LIBRARY = "libc++";
				CLANG_ENABLE_MODULES = YES;
				CLANG_ENABLE_OBJC_ARC = YES;
				CLANG_WARN_BOOL_CONVERSION = YES;
				CLANG_WARN_CONSTANT_CONVERSION = YES;
				CLANG_WARN_DIRECT_OBJC_ISA_USAGE = YES_ERROR;
				CLANG_WARN_EMPTY_BODY = YES;
				CLANG_WARN_ENUM_CONVERSION = YES;
				CLANG_WARN_INT_CONVERSION = YES;
				CLANG_WARN_OBJC_ROOT_CLASS = YES_ERROR;
				CLANG_WARN_UNREACHABLE_CODE = YES;
				CLANG_WARN__DUPLICATE_METHOD_MATCH = YES;
				"CODE_SIGN_IDENTITY[sdk=iphoneos*]" = "iPhone Developer";
				COPY_PHASE_STRIP = NO;
				DEBUG_INFORMATION_FORMAT = "dwarf-with-dsym";
				ENABLE_NS_ASSERTIONS = NO;
				ENABLE_STRICT_OBJC_MSGSEND = YES;
				GCC_C_LANGUAGE_STANDARD = gnu99;
				GCC_NO_COMMON_BLOCKS = YES;
				GCC_WARN_64_TO_32_BIT_CONVERSION = YES;
				GCC_WARN_ABOUT_RETURN_TYPE = YES_ERROR;
				GCC_WARN_UNDECLARED_SELECTOR = YES;
				GCC_WARN_UNINITIALIZED_AUTOS = YES_AGGRESSIVE;
				GCC_WARN_UNUSED_FUNCTION = YES;
				GCC_WARN_UNUSED_VARIABLE = YES;
				IPHONEOS_DEPLOYMENT_TARGET = 9.2;
				MTL_ENABLE_DEBUG_INFO = NO;
				SDKROOT = iphoneos;
				VALIDATE_PRODUCT = YES;
			};
			name = Release;
		};
		3BC333FC1C87BE29002CCC48 /* Debug */ = {
			isa = XCBuildConfiguration;
			buildSettings = {
				ASSETCATALOG_COMPILER_APPICON_NAME = AppIcon;
				INFOPLIST_FILE = ShopSmartAdmin/Info.plist;
				LD_RUNPATH_SEARCH_PATHS = "$(inherited) @executable_path/Frameworks";
				PRODUCT_BUNDLE_IDENTIFIER = sjsu.edu.ShopSmartAdmin;
				PRODUCT_NAME = "$(TARGET_NAME)";
			};
			name = Debug;
		};
		3BC333FD1C87BE29002CCC48 /* Release */ = {
			isa = XCBuildConfiguration;
			buildSettings = {
				ASSETCATALOG_COMPILER_APPICON_NAME = AppIcon;
				INFOPLIST_FILE = ShopSmartAdmin/Info.plist;
				LD_RUNPATH_SEARCH_PATHS = "$(inherited) @executable_path/Frameworks";
				PRODUCT_BUNDLE_IDENTIFIER = sjsu.edu.ShopSmartAdmin;
				PRODUCT_NAME = "$(TARGET_NAME)";
			};
			name = Release;
		};
		3BC333FF1C87BE29002CCC48 /* Debug */ = {
			isa = XCBuildConfiguration;
			buildSettings = {
				BUNDLE_LOADER = "$(TEST_HOST)";
				INFOPLIST_FILE = ShopSmartAdminTests/Info.plist;
				LD_RUNPATH_SEARCH_PATHS = "$(inherited) @executable_path/Frameworks @loader_path/Frameworks";
				PRODUCT_BUNDLE_IDENTIFIER = sjsu.edu.ShopSmartAdminTests;
				PRODUCT_NAME = "$(TARGET_NAME)";
				TEST_HOST = "$(BUILT_PRODUCTS_DIR)/ShopSmartAdmin.app/ShopSmartAdmin";
			};
			name = Debug;
		};
		3BC334001C87BE29002CCC48 /* Release */ = {
			isa = XCBuildConfiguration;
			buildSettings = {
				BUNDLE_LOADER = "$(TEST_HOST)";
				INFOPLIST_FILE = ShopSmartAdminTests/Info.plist;
				LD_RUNPATH_SEARCH_PATHS = "$(inherited) @executable_path/Frameworks @loader_path/Frameworks";
				PRODUCT_BUNDLE_IDENTIFIER = sjsu.edu.ShopSmartAdminTests;
				PRODUCT_NAME = "$(TARGET_NAME)";
				TEST_HOST = "$(BUILT_PRODUCTS_DIR)/ShopSmartAdmin.app/ShopSmartAdmin";
			};
			name = Release;
		};
		3BC334021C87BE29002CCC48 /* Debug */ = {
			isa = XCBuildConfiguration;
			buildSettings = {
				INFOPLIST_FILE = ShopSmartAdminUITests/Info.plist;
				LD_RUNPATH_SEARCH_PATHS = "$(inherited) @executable_path/Frameworks @loader_path/Frameworks";
				PRODUCT_BUNDLE_IDENTIFIER = sjsu.edu.ShopSmartAdminUITests;
				PRODUCT_NAME = "$(TARGET_NAME)";
				TEST_TARGET_NAME = ShopSmartAdmin;
				USES_XCTRUNNER = YES;
			};
			name = Debug;
		};
		3BC334031C87BE29002CCC48 /* Release */ = {
			isa = XCBuildConfiguration;
			buildSettings = {
				INFOPLIST_FILE = ShopSmartAdminUITests/Info.plist;
				LD_RUNPATH_SEARCH_PATHS = "$(inherited) @executable_path/Frameworks @loader_path/Frameworks";
				PRODUCT_BUNDLE_IDENTIFIER = sjsu.edu.ShopSmartAdminUITests;
				PRODUCT_NAME = "$(TARGET_NAME)";
				TEST_TARGET_NAME = ShopSmartAdmin;
				USES_XCTRUNNER = YES;
			};
			name = Release;
		};
/* End XCBuildConfiguration section */

/* Begin XCConfigurationList section */
		3BC333CE1C87BE29002CCC48 /* Build configuration list for PBXProject "ShopSmartAdmin" */ = {
			isa = XCConfigurationList;
			buildConfigurations = (
				3BC333F91C87BE29002CCC48 /* Debug */,
				3BC333FA1C87BE29002CCC48 /* Release */,
			);
			defaultConfigurationIsVisible = 0;
			defaultConfigurationName = Release;
		};
		3BC333FB1C87BE29002CCC48 /* Build configuration list for PBXNativeTarget "ShopSmartAdmin" */ = {
			isa = XCConfigurationList;
			buildConfigurations = (
				3BC333FC1C87BE29002CCC48 /* Debug */,
				3BC333FD1C87BE29002CCC48 /* Release */,
			);
			defaultConfigurationIsVisible = 0;
			defaultConfigurationName = Release;
		};
		3BC333FE1C87BE29002CCC48 /* Build configuration list for PBXNativeTarget "ShopSmartAdminTests" */ = {
			isa = XCConfigurationList;
			buildConfigurations = (
				3BC333FF1C87BE29002CCC48 /* Debug */,
				3BC334001C87BE29002CCC48 /* Release */,
			);
			defaultConfigurationIsVisible = 0;
			defaultConfigurationName = Release;
		};
		3BC334011C87BE29002CCC48 /* Build configuration list for PBXNativeTarget "ShopSmartAdminUITests" */ = {
			isa = XCConfigurationList;
			buildConfigurations = (
				3BC334021C87BE29002CCC48 /* Debug */,
				3BC334031C87BE29002CCC48 /* Release */,
			);
			defaultConfigurationIsVisible = 0;
			defaultConfigurationName = Release;
		};
/* End XCConfigurationList section */
	};
	rootObject = 3BC333CB1C87BE29002CCC48 /* Project object */;
}
