// !$*UTF8*$!
{
	archiveVersion = 1;
	classes = {
	};
	objectVersion = 46;
	objects = {

/* Begin PBXBuildFile section */
		3BC333D71C87BE29002CCC48 /* AppDelegate.swift in Sources */ = {isa = PBXBuildFile; fileRef = 3BC333D61C87BE29002CCC48 /* AppDelegate.swift */; };
		3BC333D91C87BE29002CCC48 /* ViewController.swift in Sources */ = {isa = PBXBuildFile; fileRef = 3BC333D81C87BE29002CCC48 /* ViewController.swift */; };
		3BC333DC1C87BE29002CCC48 /* Main.storyboard in Resources */ = {isa = PBXBuildFile; fileRef = 3BC333DA1C87BE29002CCC48 /* Main.storyboard */; };
		3BC333DE1C87BE29002CCC48 /* Assets.xcassets in Resources */ = {isa = PBXBuildFile; fileRef = 3BC333DD1C87BE29002CCC48 /* Assets.xcassets */; };
		3BC333E11C87BE29002CCC48 /* LaunchScreen.storyboard in Resources */ = {isa = PBXBuildFile; fileRef = 3BC333DF1C87BE29002CCC48 /* LaunchScreen.storyboard */; };
		3BC333EC1C87BE29002CCC48 /* ShopSmartAdminTests.swift in Sources */ = {isa = PBXBuildFile; fileRef = 3BC333EB1C87BE29002CCC48 /* ShopSmartAdminTests.swift */; };
		3BC333F71C87BE29002CCC48 /* ShopSmartAdminUITests.swift in Sources */ = {isa = PBXBuildFile; fileRef = 3BC333F61C87BE29002CCC48 /* ShopSmartAdminUITests.swift */; };
/* End PBXBuildFile section */

/* Begin PBXContainerItemProxy section */
		3BC333E81C87BE29002CCC48 /* PBXContainerItemProxy */ = {
			isa = PBXContainerItemProxy;
			containerPortal = 3BC333CB1C87BE29002CCC48 /* Project object */;
			proxyType = 1;
			remoteGlobalIDString = 3BC333D21C87BE29002CCC48;
			remoteInfo = ShopSmartAdmin;
		};
		3BC333F31C87BE29002CCC48 /* PBXContainerItemProxy */ = {
			isa = PBXContainerItemProxy;
			containerPortal = 3BC333CB1C87BE29002CCC48 /* Project object */;
			proxyType = 1;
			remoteGlobalIDString = 3BC333D21C87BE29002CCC48;
			remoteInfo = ShopSmartAdmin;
		};
/* End PBXContainerItemProxy section */

/* Begin PBXFileReference section */
		3BC333D31C87BE29002CCC48 /* ShopSmartAdmin.app */ = {isa = PBXFileReference; explicitFileType = wrapper.application; includeInIndex = 0; path = ShopSmartAdmin.app; sourceTree = BUILT_PRODUCTS_DIR; };
		3BC333D61C87BE29002CCC48 /* AppDelegate.swift */ = {isa = PBXFileReference; lastKnownFileType = sourcecode.swift; path = AppDelegate.swift; sourceTree = "<group>"; };
		3BC333D81C87BE29002CCC48 /* ViewController.swift */ = {isa = PBXFileReference; lastKnownFileType = sourcecode.swift; path = ViewController.swift; sourceTree = "<group>"; };
		3BC333DB1C87BE29002CCC48 /* Base */ = {isa = PBXFileReference; lastKnownFileType = file.storyboard; name = Base; path = Base.lproj/Main.storyboard; sourceTree = "<group>"; };
		3BC333DD1C87BE29002CCC48 /* Assets.xcassets */ = {isa = PBXFileReference; lastKnownFileType = folder.assetcatalog; path = Assets.xcassets; sourceTree = "<group>"; };
		3BC333E01C87BE29002CCC48 /* Base */ = {isa = PBXFileReference; lastKnownFileType = file.storyboard; name = Base; path = Base.lproj/LaunchScreen.storyboard; sourceTree = "<group>"; };
		3BC333E21C87BE29002CCC48 /* Info.plist */ = {isa = PBXFileReference; lastKnownFileType = text.plist.xml; path = Info.plist; sourceTree = "<group>"; };
		3BC333E71C87BE29002CCC48 /* ShopSmartAdminTests.xctest */ = {isa = PBXFileReference; explicitFileType = wrapper.cfbundle; includeInIndex = 0; path = ShopSmartAdminTests.xctest; sourceTree = BUILT_PRODUCTS_DIR; };
		3BC333EB1C87BE29002CCC48 /* ShopSmartAdminTests.swift */ = {isa = PBXFileReference; lastKnownFileType = sourcecode.swift; path = ShopSmartAdminTests.swift; sourceTree = "<group>"; };
		3BC333ED1C87BE29002CCC48 /* Info.plist */ = {isa = PBXFileReference; lastKnownFileType = text.plist.xml; path = Info.plist; sourceTree = "<group>"; };
		3BC333F21C87BE29002CCC48 /* ShopSmartAdminUITests.xctest */ = {isa = PBXFileReference; explicitFileType = wrapper.cfbundle; includeInIndex = 0; path = ShopSmartAdminUITests.xctest; sourceTree = BUILT_PRODUCTS_DIR; };
		3BC333F61C87BE29002CCC48 /* ShopSmartAdminUITests.swift */ = {isa = PBXFileReference; lastKnownFileType = sourcecode.swift; path = ShopSmartAdminUITests.swift; sourceTree = "<group>"; };
		3BC333F81C87BE29002CCC48 /* Info.plist */ = {isa = PBXFileReference; lastKnownFileType = text.plist.xml; path = Info.plist; sourceTree = "<group>"; };
/* End PBXFileReference section */

/* Begin PBXFrameworksBuildPhase section */
		3BC333D01C87BE29002CCC48 /* Frameworks */ = {
			isa = PBXFrameworksBuildPhase;
			buildActionMask = 2147483647;
			files = (
			);
			runOnlyForDeploymentPostprocessing = 0;
		};
		3BC333E41C87BE29002CCC48 /* Frameworks */ = {
			isa = PBXFrameworksBuildPhase;
			buildActionMask = 2147483647;
			files = (
			);
			runOnlyForDeploymentPostprocessing = 0;
		};
		3BC333EF1C87BE29002CCC48 /* Frameworks */ = {
			isa = PBXFrameworksBuildPhase;
			buildActionMask = 2147483647;
			files = (
			);
			runOnlyForDeploymentPostprocessing = 0;
		};
/* End PBXFrameworksBuildPhase section */

/* Begin PBXGroup section */
		3BC333CA1C87BE29002CCC48 = {
			isa = PBXGroup;
			children = (
				3BC333D51C87BE29002CCC48 /* ShopSmartAdmin */,
				3BC333EA1C87BE29002CCC48 /* ShopSmartAdminTests */,
				3BC333F51C87BE29002CCC48 /* ShopSmartAdminUITests */,
				3BC333D41C87BE29002CCC48 /* Products */,
			);
			sourceTree = "<group>";
		};
		3BC333D41C87BE29002CCC48 /* Products */ = {
			isa = PBXGroup;
			children = (
				3BC333D31C87BE29002CCC48 /* ShopSmartAdmin.app */,
				3BC333E71C87BE29002CCC48 /* ShopSmartAdminTests.xctest */,
				3BC333F21C87BE29002CCC48 /* ShopSmartAdminUITests.xctest */,
			);
			name = Products;
			sourceTree = "<group>";
		};
		3BC333D51C87BE29002CCC48 /* ShopSmartAdmin */ = {
			isa = PBXGroup;
			children = (
				3BC333D61C87BE29002CCC48 /* AppDelegate.swift */,
				3BC333D81C87BE29002CCC48 /* ViewController.swift */,
				3BC333DA1C87BE29002CCC48 /* Main.storyboard */,
				3BC333DD1C87BE29002CCC48 /* Assets.xcassets */,
				3BC333DF1C87BE29002CCC48 /* LaunchScreen.storyboard */,
				3BC333E21C87BE29002CCC48 /* Info.plist */,
			);
			path = ShopSmartAdmin;
			sourceTree = "<group>";
		};
		3BC333EA1C87BE29002CCC48 /* ShopSmartAdminTests */ = {
			isa = PBXGroup;
			children = (
				3BC333EB1C87BE29002CCC48 /* ShopSmartAdminTests.swift */,
				3BC333ED1C87BE29002CCC48 /* Info.plist */,
			);
			path = ShopSmartAdminTests;
			sourceTree = "<group>";
		};
		3BC333F51C87BE29002CCC48 /* ShopSmartAdminUITests */ = {
			isa = PBXGroup;
			children = (
				3BC333F61C87BE29002CCC48 /* ShopSmartAdminUITests.swift */,
				3BC333F81C87BE29002CCC48 /* Info.plist */,
			);
			path = ShopSmartAdminUITests;
			sourceTree = "<group>";
		};
/* End PBXGroup section */

/* Begin PBXNativeTarget section */
		3BC333D21C87BE29002CCC48 /* ShopSmartAdmin */ = {
			isa = PBXNativeTarget;
			buildConfigurationList = 3BC333FB1C87BE29002CCC48 /* Build configuration list for PBXNativeTarget "ShopSmartAdmin" */;
			buildPhases = (
				3BC333CF1C87BE29002CCC48 /* Sources */,
				3BC333D01C87BE29002CCC48 /* Frameworks */,
				3BC333D11C87BE29002CCC48 /* Resources */,
			);
			buildRules = (
			);
			dependencies = (
			);
			name = ShopSmartAdmin;
			productName = ShopSmartAdmin;
			productReference = 3BC333D31C87BE29002CCC48 /* ShopSmartAdmin.app */;
			productType = "com.apple.product-type.application";
		};
		3BC333E61C87BE29002CCC48 /* ShopSmartAdminTests */ = {
			isa = PBXNativeTarget;
			buildConfigurationList = 3BC333FE1C87BE29002CCC48 /* Build configuration list for PBXNativeTarget "ShopSmartAdminTests" */;
			buildPhases = (
				3BC333E31C87BE29002CCC48 /* Sources */,
				3BC333E41C87BE29002CCC48 /* Frameworks */,
				3BC333E51C87BE29002CCC48 /* Resources */,
			);
			buildRules = (
			);
			dependencies = (
				3BC333E91C87BE29002CCC48 /* PBXTargetDependency */,
			);
			name = ShopSmartAdminTests;
			productName = ShopSmartAdminTests;
			productReference = 3BC333E71C87BE29002CCC48 /* ShopSmartAdminTests.xctest */;
			productType = "com.apple.product-type.bundle.unit-test";
		};
		3BC333F11C87BE29002CCC48 /* ShopSmartAdminUITests */ = {
			isa = PBXNativeTarget;
			buildConfigurationList = 3BC334011C87BE29002CCC48 /* Build configuration list for PBXNativeTarget "ShopSmartAdminUITests" */;
			buildPhases = (
				3BC333EE1C87BE29002CCC48 /* Sources */,
				3BC333EF1C87BE29002CCC48 /* Frameworks */,
				3BC333F01C87BE29002CCC48 /* Resources */,
			);
			buildRules = (
			);
			dependencies = (
				3BC333F41C87BE29002CCC48 /* PBXTargetDependency */,
			);
			name = ShopSmartAdminUITests;
			productName = ShopSmartAdminUITests;
			productReference = 3BC333F21C87BE29002CCC48 /* ShopSmartAdminUITests.xctest */;
			productType = "com.apple.product-type.bundle.ui-testing";
		};
/* End PBXNativeTarget section */

/* Begin PBXProject section */
		3BC333CB1C87BE29002CCC48 /* Project object */ = {
			isa = PBXProject;
			attributes = {
				LastSwiftUpdateCheck = 0720;
				LastUpgradeCheck = 0720;
				ORGANIZATIONNAME = Group5;
				TargetAttributes = {
					3BC333D21C87BE29002CCC48 = {
						CreatedOnToolsVersion = 7.2.1;
					};
					3BC333E61C87BE29002CCC48 = {
						CreatedOnToolsVersion = 7.2.1;
						TestTargetID = 3BC333D21C87BE29002CCC48;
					};
					3BC333F11C87BE29002CCC48 = {
						CreatedOnToolsVersion = 7.2.1;
						TestTargetID = 3BC333D21C87BE29002CCC48;
					};
				};
			};
			buildConfigurationList = 3BC333CE1C87BE29002CCC48 /* Build configuration list for PBXProject "ShopSmartAdmin" */;
			compatibilityVersion = "Xcode 3.2";
			developmentRegion = English;
			hasScannedForEncodings = 0;
			knownRegions = (
				en,
				Base,
			);
			mainGroup = 3BC333CA1C87BE29002CCC48;
			productRefGroup = 3BC333D41C87BE29002CCC48 /* Products */;
			projectDirPath = "";
			projectRoot = "";
			targets = (
				3BC333D21C87BE29002CCC48 /* ShopSmartAdmin */,
				3BC333E61C87BE29002CCC48 /* ShopSmartAdminTests */,
				3BC333F11C87BE29002CCC48 /* ShopSmartAdminUITests */,
			);
		};
/* End PBXProject section */

/* Begin PBXResourcesBuildPhase section */
		3BC333D11C87BE29002CCC48 /* Resources */ = {
			isa = PBXResourcesBuildPhase;
			buildActionMask = 2147483647;
			files = (
				3BC333E11C87BE29002CCC48 /* LaunchScreen.storyboard in Resources */,
				3BC333DE1C87BE29002CCC48 /* Assets.xcassets in Resources */,
				3BC333DC1C87BE29002CCC48 /* Main.storyboard in Resources */,
			);
			runOnlyForDeploymentPostprocessing = 0;
		};
		3BC333E51C87BE29002CCC48 /* Resources */ = {
			isa = PBXResourcesBuildPhase;
			buildActionMask = 2147483647;
			files = (
			);
			runOnlyForDeploymentPostprocessing = 0;
		};
		3BC333F01C87BE29002CCC48 /* Resources */ = {
			isa = PBXResourcesBuildPhase;
			buildActionMask = 2147483647;
			files = (
			);
			runOnlyForDeploymentPostprocessing = 0;
		};
/* End PBXResourcesBuildPhase section */

/* Begin PBXSourcesBuildPhase section */
		3BC333CF1C87BE29002CCC48 /* Sources */ = {
			isa = PBXSourcesBuildPhase;
			buildActionMask = 2147483647;
			files = (
				3BC333D91C87BE29002CCC48 /* ViewController.swift in Sources */,
				3BC333D71C87BE29002CCC48 /* AppDelegate.swift in Sources */,
			);
			runOnlyForDeploymentPostprocessing = 0;
		};
		3BC333E31C87BE29002CCC48 /* Sources */ = {
			isa = PBXSourcesBuildPhase;
			buildActionMask = 2147483647;
			files = (
				3BC333EC1C87BE29002CCC48 /* ShopSmartAdminTests.swift in Sources */,
			);
			runOnlyForDeploymentPostprocessing = 0;
		};
		3BC333EE1C87BE29002CCC48 /* Sources */ = {
			isa = PBXSourcesBuildPhase;
			buildActionMask = 2147483647;
			files = (
				3BC333F71C87BE29002CCC48 /* ShopSmartAdminUITests.swift in Sources */,
			);
			runOnlyForDeploymentPostprocessing = 0;
		};
/* End PBXSourcesBuildPhase section */

/* Begin PBXTargetDependency section */
		3BC333E91C87BE29002CCC48 /* PBXTargetDependency */ = {
			isa = PBXTargetDependency;
			target = 3BC333D21C87BE29002CCC48 /* ShopSmartAdmin */;
			targetProxy = 3BC333E81C87BE29002CCC48 /* PBXContainerItemProxy */;
		};
		3BC333F41C87BE29002CCC48 /* PBXTargetDependency */ = {
			isa = PBXTargetDependency;
			target = 3BC333D21C87BE29002CCC48 /* ShopSmartAdmin */;
			targetProxy = 3BC333F31C87BE29002CCC48 /* PBXContainerItemProxy */;
		};
/* End PBXTargetDependency section */

/* Begin PBXVariantGroup section */
		3BC333DA1C87BE29002CCC48 /* Main.storyboard */ = {
			isa = PBXVariantGroup;
			children = (
				3BC333DB1C87BE29002CCC48 /* Base */,
			);
			name = Main.storyboard;
			sourceTree = "<group>";
		};
		3BC333DF1C87BE29002CCC48 /* LaunchScreen.storyboard */ = {
			isa = PBXVariantGroup;
			children = (
				3BC333E01C87BE29002CCC48 /* Base */,
			);
			name = LaunchScreen.storyboard;
			sourceTree = "<group>";
		};
/* End PBXVariantGroup section */

/* Begin XCBuildConfiguration section */
		3BC333F91C87BE29002CCC48 /* Debug */ = {
			isa = XCBuildConfiguration;
			buildSettings = {
				ALWAYS_SEARCH_USER_PATHS = NO;
				CLANG_CXX_LANGUAGE_STANDARD = "gnu++0x";
				CLANG_CXX_LIBRARY = "libc++";
				CLANG_ENABLE_MODULES = YES;
				CLANG_ENABLE_OBJC_ARC = YES;
				CLANG_WARN_BOOL_CONVERSION = YES;
				CLANG_WARN_CONSTANT_CONVERSION = YES;
				CLANG_WARN_DIRECT_OBJC_ISA_USAGE = YES_ERROR;
				CLANG_WARN_EMPTY_BODY = YES;
				CLANG_WARN_ENUM_CONVERSION = YES;
				CLANG_WARN_INT_CONVERSION = YES;
				CLANG_WARN_OBJC_ROOT_CLASS = YES_ERROR;
				CLANG_WARN_UNREACHABLE_CODE = YES;
				CLANG_WARN__DUPLICATE_METHOD_MATCH = YES;
				"CODE_SIGN_IDENTITY[sdk=iphoneos*]" = "iPhone Developer";
				COPY_PHASE_STRIP = NO;
				DEBUG_INFORMATION_FORMAT = dwarf;
				ENABLE_STRICT_OBJC_MSGSEND = YES;
				ENABLE_TESTABILITY = YES;
				GCC_C_LANGUAGE_STANDARD = gnu99;
				GCC_DYNAMIC_NO_PIC = NO;
				GCC_NO_COMMON_BLOCKS = YES;
				GCC_OPTIMIZATION_LEVEL = 0;
				GCC_PREPROCESSOR_DEFINITIONS = (
					"DEBUG=1",
					"$(inherited)",
				);
				GCC_WARN_64_TO_32_BIT_CONVERSION = YES;
				GCC_WARN_ABOUT_RETURN_TYPE = YES_ERROR;
				GCC_WARN_UNDECLARED_SELECTOR = YES;
				GCC_WARN_UNINITIALIZED_AUTOS = YES_AGGRESSIVE;
				GCC_WARN_UNUSED_FUNCTION = YES;
				GCC_WARN_UNUSED_VARIABLE = YES;
				IPHONEOS_DEPLOYMENT_TARGET = 9.2;
				MTL_ENABLE_DEBUG_INFO = YES;
				ONLY_ACTIVE_ARCH = YES;
				SDKROOT = iphoneos;
				SWIFT_OPTIMIZATION_LEVEL = "-Onone";
			};
			name = Debug;
		};
		3BC333FA1C87BE29002CCC48 /* Release */ = {
			isa = XCBuildConfiguration;
			buildSettings = {
				ALWAYS_SEARCH_USER_PATHS = NO;
				CLANG_CXX_LANGUAGE_STANDARD = "gnu++0x";
				CLANG_CXX_LIBRARY = "libc++";
				CLANG_ENABLE_MODULES = YES;
				CLANG_ENABLE_OBJC_ARC = YES;
				CLANG_WARN_BOOL_CONVERSION = YES;
				CLANG_WARN_CONSTANT_CONVERSION = YES;
				CLANG_WARN_DIRECT_OBJC_ISA_USAGE = YES_ERROR;
				CLANG_WARN_EMPTY_BODY = YES;
				CLANG_WARN_ENUM_CONVERSION = YES;
				CLANG_WARN_INT_CONVERSION = YES;
				CLANG_WARN_OBJC_ROOT_CLASS = YES_ERROR;
				CLANG_WARN_UNREACHABLE_CODE = YES;
				CLANG_WARN__DUPLICATE_METHOD_MATCH = YES;
				"CODE_SIGN_IDENTITY[sdk=iphoneos*]" = "iPhone Developer";
				COPY_PHASE_STRIP = NO;
				DEBUG_INFORMATION_FORMAT = "dwarf-with-dsym";
				ENABLE_NS_ASSERTIONS = NO;
				ENABLE_STRICT_OBJC_MSGSEND = YES;
				GCC_C_LANGUAGE_STANDARD = gnu99;
				GCC_NO_COMMON_BLOCKS = YES;
				GCC_WARN_64_TO_32_BIT_CONVERSION = YES;
				GCC_WARN_ABOUT_RETURN_TYPE = YES_ERROR;
				GCC_WARN_UNDECLARED_SELECTOR = YES;
				GCC_WARN_UNINITIALIZED_AUTOS = YES_AGGRESSIVE;
				GCC_WARN_UNUSED_FUNCTION = YES;
				GCC_WARN_UNUSED_VARIABLE = YES;
				IPHONEOS_DEPLOYMENT_TARGET = 9.2;
				MTL_ENABLE_DEBUG_INFO = NO;
				SDKROOT = iphoneos;
				VALIDATE_PRODUCT = YES;
			};
			name = Release;
		};
		3BC333FC1C87BE29002CCC48 /* Debug */ = {
			isa = XCBuildConfiguration;
			buildSettings = {
				ASSETCATALOG_COMPILER_APPICON_NAME = AppIcon;
				INFOPLIST_FILE = ShopSmartAdmin/Info.plist;
				LD_RUNPATH_SEARCH_PATHS = "$(inherited) @executable_path/Frameworks";
				PRODUCT_BUNDLE_IDENTIFIER = sjsu.edu.ShopSmartAdmin;
				PRODUCT_NAME = "$(TARGET_NAME)";
			};
			name = Debug;
		};
		3BC333FD1C87BE29002CCC48 /* Release */ = {
			isa = XCBuildConfiguration;
			buildSettings = {
				ASSETCATALOG_COMPILER_APPICON_NAME = AppIcon;
				INFOPLIST_FILE = ShopSmartAdmin/Info.plist;
				LD_RUNPATH_SEARCH_PATHS = "$(inherited) @executable_path/Frameworks";
				PRODUCT_BUNDLE_IDENTIFIER = sjsu.edu.ShopSmartAdmin;
				PRODUCT_NAME = "$(TARGET_NAME)";
			};
			name = Release;
		};
		3BC333FF1C87BE29002CCC48 /* Debug */ = {
			isa = XCBuildConfiguration;
			buildSettings = {
				BUNDLE_LOADER = "$(TEST_HOST)";
				INFOPLIST_FILE = ShopSmartAdminTests/Info.plist;
				LD_RUNPATH_SEARCH_PATHS = "$(inherited) @executable_path/Frameworks @loader_path/Frameworks";
				PRODUCT_BUNDLE_IDENTIFIER = sjsu.edu.ShopSmartAdminTests;
				PRODUCT_NAME = "$(TARGET_NAME)";
				TEST_HOST = "$(BUILT_PRODUCTS_DIR)/ShopSmartAdmin.app/ShopSmartAdmin";
			};
			name = Debug;
		};
		3BC334001C87BE29002CCC48 /* Release */ = {
			isa = XCBuildConfiguration;
			buildSettings = {
				BUNDLE_LOADER = "$(TEST_HOST)";
				INFOPLIST_FILE = ShopSmartAdminTests/Info.plist;
				LD_RUNPATH_SEARCH_PATHS = "$(inherited) @executable_path/Frameworks @loader_path/Frameworks";
				PRODUCT_BUNDLE_IDENTIFIER = sjsu.edu.ShopSmartAdminTests;
				PRODUCT_NAME = "$(TARGET_NAME)";
				TEST_HOST = "$(BUILT_PRODUCTS_DIR)/ShopSmartAdmin.app/ShopSmartAdmin";
			};
			name = Release;
		};
		3BC334021C87BE29002CCC48 /* Debug */ = {
			isa = XCBuildConfiguration;
			buildSettings = {
				INFOPLIST_FILE = ShopSmartAdminUITests/Info.plist;
				LD_RUNPATH_SEARCH_PATHS = "$(inherited) @executable_path/Frameworks @loader_path/Frameworks";
				PRODUCT_BUNDLE_IDENTIFIER = sjsu.edu.ShopSmartAdminUITests;
				PRODUCT_NAME = "$(TARGET_NAME)";
				TEST_TARGET_NAME = ShopSmartAdmin;
				USES_XCTRUNNER = YES;
			};
			name = Debug;
		};
		3BC334031C87BE29002CCC48 /* Release */ = {
			isa = XCBuildConfiguration;
			buildSettings = {
				INFOPLIST_FILE = ShopSmartAdminUITests/Info.plist;
				LD_RUNPATH_SEARCH_PATHS = "$(inherited) @executable_path/Frameworks @loader_path/Frameworks";
				PRODUCT_BUNDLE_IDENTIFIER = sjsu.edu.ShopSmartAdminUITests;
				PRODUCT_NAME = "$(TARGET_NAME)";
				TEST_TARGET_NAME = ShopSmartAdmin;
				USES_XCTRUNNER = YES;
			};
			name = Release;
		};
/* End XCBuildConfiguration section */

/* Begin XCConfigurationList section */
		3BC333CE1C87BE29002CCC48 /* Build configuration list for PBXProject "ShopSmartAdmin" */ = {
			isa = XCConfigurationList;
			buildConfigurations = (
				3BC333F91C87BE29002CCC48 /* Debug */,
				3BC333FA1C87BE29002CCC48 /* Release */,
			);
			defaultConfigurationIsVisible = 0;
			defaultConfigurationName = Release;
		};
		3BC333FB1C87BE29002CCC48 /* Build configuration list for PBXNativeTarget "ShopSmartAdmin" */ = {
			isa = XCConfigurationList;
			buildConfigurations = (
				3BC333FC1C87BE29002CCC48 /* Debug */,
				3BC333FD1C87BE29002CCC48 /* Release */,
			);
			defaultConfigurationIsVisible = 0;
		};
		3BC333FE1C87BE29002CCC48 /* Build configuration list for PBXNativeTarget "ShopSmartAdminTests" */ = {
			isa = XCConfigurationList;
			buildConfigurations = (
				3BC333FF1C87BE29002CCC48 /* Debug */,
				3BC334001C87BE29002CCC48 /* Release */,
			);
			defaultConfigurationIsVisible = 0;
		};
		3BC334011C87BE29002CCC48 /* Build configuration list for PBXNativeTarget "ShopSmartAdminUITests" */ = {
			isa = XCConfigurationList;
			buildConfigurations = (
				3BC334021C87BE29002CCC48 /* Debug */,
				3BC334031C87BE29002CCC48 /* Release */,
			);
			defaultConfigurationIsVisible = 0;
		};
/* End XCConfigurationList section */
	};
	rootObject = 3BC333CB1C87BE29002CCC48 /* Project object */;
}
